github.com/fsnotify/fsnotify v1.10.1 h1:b0/UzAf9yR5rhf3RPm9gf3ehBPpf0oZKIjtpKrx59Ho=
github.com/fsnotify/fsnotify v1.10.1/go.mod h1:TLheqan6HD6GBK6PrDWyDPBaEV8LspOxvPSjC+bVfgo=
github.com/janishar/helmstudio/packages/helm-runtime-sdk/go v1.0.0-rc.3 h1:MH2BVHS3482GIkP7CKYauwIRK2rd/HRfji0Vz3gDCAE=
github.com/janishar/helmstudio/packages/helm-runtime-sdk/go v1.0.0-rc.3/go.mod h1:Kgq5sNlV9tGM/ExD5TPoGYHWvhmovfpHSd6ScJN6r/w=
golang.org/x/sys v0.13.0 h1:Af8nKPmuFypiUBjVoU9V20FiaFXOcuZI21p0ycVYYGE=
golang.org/x/sys v0.13.0/go.mod h1:oPkhp1MJrh7nUepCBck5+mAzfO9JrbApNNgaTdGDITg=
